
Microsoft Visual Studio Solution File, Format Version 12.00
# Visual Studio Version 18
VisualStudioVersion = 18.3.11520.95 d18.3
MinimumVisualStudioVersion = 10.0.40219.1
Project("{FAE04EC0-301F-11D3-BF4B-00C04F79EFBC}") = "InventoryManagement", "InventoryManagement\InventoryManagement.csproj", "{07F707D3-A2DC-4320-82D9-63AF034F7F81}"
EndProject
Global
	GlobalSection(SolutionConfigurationPlatforms) = preSolution
		Debug|Any CPU = Debug|Any CPU
		Release|Any CPU = Release|Any CPU
	EndGlobalSection
	GlobalSection(ProjectConfigurationPlatforms) = postSolution
		{07F707D3-A2DC-4320-82D9-63AF034F7F81}.Debug|Any CPU.ActiveCfg = Debug|Any CPU
		{07F707D3-A2DC-4320-82D9-63AF034F7F81}.Debug|Any CPU.Build.0 = Debug|Any CPU
		{07F707D3-A2DC-4320-82D9-63AF034F7F81}.Release|Any CPU.ActiveCfg = Release|Any CPU
		{07F707D3-A2DC-4320-82D9-63AF034F7F81}.Release|Any CPU.Build.0 = Release|Any CPU
	EndGlobalSection
	GlobalSection(SolutionProperties) = preSolution
		HideSolutionNode = FALSE
	EndGlobalSection
	GlobalSection(ExtensibilityGlobals) = postSolution
		SolutionGuid = {736BDC79-D737-49F5-BB98-3822D67E48A1}
	EndGlobalSection
EndGlobal
